{
  "lockfileVersion": 1,
  "configVersion": 1,
  "workspaces": {
    "": {
      "name": "bun-wtui",
      "dependencies": {
        "@types/blessed": "^0.1.27",
        "blessed": "^0.1.81",
        "syncpack": "^14.0.0",
      },
      "devDependencies": {
        "@types/bun": "latest",
      },
      "peerDependencies": {
        "typescript": "^5",
      },
    },
  },
  "packages": {
    "@types/blessed": ["@types/blessed@0.1.27", "", { "dependencies": { "@types/node": "*" } }, "sha512-ZOQGjLvWDclAXp0rW5iuUBXeD6Gr1PkitN7tj7/G8FCoSzTsij6OhXusOzMKhwrZ9YlL2Pmu0d6xJ9zVvk+Hsg=="],

    "@types/bun": ["@types/bun@1.3.9", "", { "dependencies": { "bun-types": "1.3.9" } }, "sha512-KQ571yULOdWJiMH+RIWIOZ7B2RXQGpL1YQrBtLIV3FqDcCu6FsbFUBwhdKUlCKUpS3PJDsHlJ1QKlpxoVR+xtw=="],

    "@types/node": ["@types/node@25.3.0", "", { "dependencies": { "undici-types": "~7.18.0" } }, "sha512-4K3bqJpXpqfg2XKGK9bpDTc6xO/xoUP/RBWS7AtRMug6zZFaRekiLzjVtAoZMquxoAbzBvy5nxQ7veS5eYzf8A=="],

    "blessed": ["blessed@0.1.81", "", { "bin": { "blessed": "./bin/tput.js" } }, "sha512-LoF5gae+hlmfORcG1M5+5XZi4LBmvlXTzwJWzUlPryN/SJdSflZvROM2TwkT0GMpq7oqT48NRd4GS7BiVBc5OQ=="],

    "bun-types": ["bun-types@1.3.9", "", { "dependencies": { "@types/node": "*" } }, "sha512-+UBWWOakIP4Tswh0Bt0QD0alpTY8cb5hvgiYeWCMet9YukHbzuruIEeXC2D7nMJPB12kbh8C7XJykSexEqGKJg=="],

    "syncpack": ["syncpack@14.0.0", "", { "optionalDependencies": { "syncpack-darwin-arm64": "14.0.0", "syncpack-darwin-x64": "14.0.0", "syncpack-linux-arm64": "14.0.0", "syncpack-linux-arm64-musl": "14.0.0", "syncpack-linux-x64": "14.0.0", "syncpack-linux-x64-musl": "14.0.0", "syncpack-windows-arm64": "14.0.0", "syncpack-windows-x64": "14.0.0" }, "bin": { "syncpack": "index.cjs" } }, "sha512-OfAa3Oip5YC9Ad1jEs92Hw08Wy4JfdpdeequIwaJGsQG0tJtb8gpQfCdLuBefsk6n8WiUdt/5qmzcW+BDXtzbQ=="],

    "syncpack-darwin-arm64": ["syncpack-darwin-arm64@14.0.0", "", { "os": "darwin", "cpu": "arm64" }, "sha512-mEcku9YkOHfM6JOxhq9McgeLvd4djsJvRwNONZXHeoJ6+yqC96DdxZwFjkw3e8Vn95wsxsrwY5ZjMExs5Gbacw=="],

    "syncpack-darwin-x64": ["syncpack-darwin-x64@14.0.0", "", { "os": "darwin", "cpu": "x64" }, "sha512-qSj3bT3SIZA5NLM5PNVeExapyOrdmptlGSMu0SLVHj9hata/Vqh3xWgwq7wB9uajmlrHljeJ84R/NKAHyzFewA=="],

    "syncpack-linux-arm64": ["syncpack-linux-arm64@14.0.0", "", { "os": "linux", "cpu": "arm64" }, "sha512-votlkb4P/0Bxd9yhBWCSUOjZwaii+LfFn1tZZVN5dfs8qcjcLeqfdG5zbnlJSzZhS3T+BfzejFW+Z95OxZag0A=="],

    "syncpack-linux-arm64-musl": ["syncpack-linux-arm64-musl@14.0.0", "", { "os": "linux", "cpu": "arm64" }, "sha512-i57Chz0tHP7ybKElPLhoygl6Cab1fxyUKS9xRgezX5NDrNxKUgrvqBfYd7288/QKB4C8+IcYHugFPjZjoFlAIA=="],

    "syncpack-linux-x64": ["syncpack-linux-x64@14.0.0", "", { "os": "linux", "cpu": "x64" }, "sha512-sZGy4+uL+P/+nI0yc9jwW/R22u9lw0+NXDYC/9ts9eYiWFyO4+luOeosvVKbED1OavUp/GQJqNV+9KHjMwq0Fw=="],

    "syncpack-linux-x64-musl": ["syncpack-linux-x64-musl@14.0.0", "", { "os": "linux", "cpu": "x64" }, "sha512-RKyp+29UlLGE8oYkd3UfwgjWUHN4dLHDyarv0dS6gWVpWM6qHtHS339KBc9JcIS7FD1vNGnQ3GmSaAodxDlkMA=="],

    "syncpack-windows-arm64": ["syncpack-windows-arm64@14.0.0", "", { "os": "win32", "cpu": "arm64" }, "sha512-aNtr0F6HkA7M0azDuDkt//DlPWlplFa4kmvHXirwDmJQ9u3SAvN3ZItW4ZYS96ZbiV1DgO15jIKBI7rDkzcwrQ=="],

    "syncpack-windows-x64": ["syncpack-windows-x64@14.0.0", "", { "os": "win32", "cpu": "x64" }, "sha512-usMH61wlonssfh2Q8SJDiiAcsXVzuPzRl8XdHqdavR3XeCSGBIW9ieJpPfiKvDPWslekufWD+GhLNoH+8vV0Cg=="],

    "typescript": ["typescript@5.9.3", "", { "bin": { "tsc": "bin/tsc", "tsserver": "bin/tsserver" } }, "sha512-jl1vZzPDinLr9eUt3J/t7V6FgNEw9QjvBPdysz9KfQDD41fQrC2Y4vKQdiaUpFT4bXlb1RHhLpp8wtm6M5TgSw=="],

    "undici-types": ["undici-types@7.18.2", "", {}, "sha512-AsuCzffGHJybSaRrmr5eHr81mwJU3kjw6M+uprWvCXiNeN9SOGwQ3Jn8jb8m3Z6izVgknn1R0FTCEAP2QrLY/w=="],
  }
}
